
Microsoft Visual Studio Solution File, Format Version 12.00
# Visual Studio Version 16
VisualStudioVersion = 16.0.31229.75
MinimumVisualStudioVersion = 10.0.40219.1
Project("{FAE04EC0-301F-11D3-BF4B-00C04F79EFBC}") = "Lab1AverageCases", "Lab1\Lab1AverageCases.csproj", "{02B650A6-7946-4D82-BCD0-41E66E4700B9}"
EndProject
Global
	GlobalSection(SolutionConfigurationPlatforms) = preSolution
		Debug|Any CPU = Debug|Any CPU
		Release|Any CPU = Release|Any CPU
	EndGlobalSection
	GlobalSection(ProjectConfigurationPlatforms) = postSolution
		{02B650A6-7946-4D82-BCD0-41E66E4700B9}.Debug|Any CPU.ActiveCfg = Debug|Any CPU
		{02B650A6-7946-4D82-BCD0-41E66E4700B9}.Debug|Any CPU.Build.0 = Debug|Any CPU
		{02B650A6-7946-4D82-BCD0-41E66E4700B9}.Release|Any CPU.ActiveCfg = Release|Any CPU
		{02B650A6-7946-4D82-BCD0-41E66E4700B9}.Release|Any CPU.Build.0 = Release|Any CPU
	EndGlobalSection
	GlobalSection(SolutionProperties) = preSolution
		HideSolutionNode = FALSE
	EndGlobalSection
	GlobalSection(ExtensibilityGlobals) = postSolution
		SolutionGuid = {62D0298E-2372-44D5-9B5C-C285DF2D0723}
	EndGlobalSection
EndGlobal
